<?xml version="1.0" encoding="utf-8"?>
<Project ToolsVersion="4.0" xmlns="http://schemas.microsoft.com/developer/msbuild/2003">
  <ItemGroup>
    <Filter Include="Source Files">
      <UniqueIdentifier>{4FC737F1-C7A5-4376-A066-2A32D752A2FF}</UniqueIdentifier>
      <Extensions>cpp;c;cc;cxx;c++;cppm;ixx;def;odl;idl;hpj;bat;asm;asmx</Extensions>
    </Filter>
    <Filter Include="Header Files">
      <UniqueIdentifier>{93995380-89BD-4b04-88EB-625FBE52EBFB}</UniqueIdentifier>
      <Extensions>h;hh;hpp;hxx;h++;hm;inl;inc;ipp;xsd</Extensions>
    </Filter>
    <Filter Include="Resource Files">
      <UniqueIdentifier>{67DA6AB6-F800-4c08-8B7A-83BB121AAD01}</UniqueIdentifier>
      <Extensions>rc;ico;cur;bmp;dlg;rc2;rct;bin;rgs;gif;jpg;jpeg;jpe;resx;tiff;tif;png;wav;mfcribbon-ms</Extensions>
    </Filter>
    <Filter Include="sv">
      <UniqueIdentifier>{9f2d81ab-d708-4771-af02-fa4e5fc93ff8}</UniqueIdentifier>
    </Filter>
    <Filter Include="sv\base">
      <UniqueIdentifier>{08e2019e-addc-4465-9094-1f0bc53b8d8d}</UniqueIdentifier>
    </Filter>
    <Filter Include="sv\test">
      <UniqueIdentifier>{a0cc66d0-1d4e-4aff-b5b0-565fde7ea7d3}</UniqueIdentifier>
    </Filter>
    <Filter Include="sv\base\impl">
      <UniqueIdentifier>{2fe95d15-1702-4459-9632-37d08b38befb}</UniqueIdentifier>
    </Filter>
    <Filter Include="sv\demuxer">
      <UniqueIdentifier>{1f57795e-a070-43be-ac51-4e856838bd58}</UniqueIdentifier>
    </Filter>
    <Filter Include="sv\fileio">
      <UniqueIdentifier>{0d03b0e1-a0d9-4a73-bc53-698f1c34185f}</UniqueIdentifier>
    </Filter>
    <Filter Include="sv\decoder">
      <UniqueIdentifier>{b11a12e4-16ff-478b-ae3d-7505d94cb37e}</UniqueIdentifier>
    </Filter>
  </ItemGroup>
  <ItemGroup>
    <ClCompile Include="main.cpp">
      <Filter>Source Files</Filter>
    </ClCompile>
    <ClCompile Include="sv\base\impl\processor_impl.cpp">
      <Filter>sv\base\impl</Filter>
    </ClCompile>
    <ClCompile Include="sv\base\processor.cpp">
      <Filter>sv\base</Filter>
    </ClCompile>
    <ClCompile Include="sv\demuxer\demuxer.cpp">
      <Filter>sv\demuxer</Filter>
    </ClCompile>
    <ClCompile Include="sv\demuxer\rtsp.cpp">
      <Filter>sv\demuxer</Filter>
    </ClCompile>
    <ClCompile Include="sv\fileio\fileio.cpp">
      <Filter>sv\fileio</Filter>
    </ClCompile>
    <ClCompile Include="sv\fileio\file.cpp">
      <Filter>sv\fileio</Filter>
    </ClCompile>
    <ClCompile Include="sv\decoder\decoder.cpp">
      <Filter>sv\decoder</Filter>
    </ClCompile>
    <ClCompile Include="sv\decoder\h264.cpp">
      <Filter>sv\decoder</Filter>
    </ClCompile>
  </ItemGroup>
  <ItemGroup>
    <ClInclude Include="sv\error.hpp">
      <Filter>sv</Filter>
    </ClInclude>
    <ClInclude Include="sv\base\operation.hpp">
      <Filter>sv\base</Filter>
    </ClInclude>
    <ClInclude Include="sv\base\id_holder.hpp">
      <Filter>sv\base</Filter>
    </ClInclude>
    <ClInclude Include="sv\test\return_value_test.hpp">
      <Filter>sv\test</Filter>
    </ClInclude>
    <ClInclude Include="sv\base\processor.hpp">
      <Filter>sv\base</Filter>
    </ClInclude>
    <ClInclude Include="sv\base\data.hpp">
      <Filter>sv\base</Filter>
    </ClInclude>
    <ClInclude Include="sv\base\impl\processor_impl.hpp">
      <Filter>sv\base\impl</Filter>
    </ClInclude>
    <ClInclude Include="sv\demuxer\demuxer.hpp">
      <Filter>sv\demuxer</Filter>
    </ClInclude>
    <ClInclude Include="sv\sv.hpp">
      <Filter>sv</Filter>
    </ClInclude>
    <ClInclude Include="sv\fileio\fileio.hpp">
      <Filter>sv\fileio</Filter>
    </ClInclude>
    <ClInclude Include="sv\decoder\decoder.hpp">
      <Filter>sv\decoder</Filter>
    </ClInclude>
  </ItemGroup>
</Project>